// !$*UTF8*$!
{
	archiveVersion = 1;
	classes = {
	};
	objectVersion = 56;
	objects = {

/* Begin PBXBuildFile section */
		EBB921FE2C1A4FC9005290E3 /* MovietrendingApp.swift in Sources */ = {isa = PBXBuildFile; fileRef = EBB921FD2C1A4FC9005290E3 /* MovietrendingApp.swift */; };
		EBB922002C1A4FC9005290E3 /* ContentView.swift in Sources */ = {isa = PBXBuildFile; fileRef = EBB921FF2C1A4FC9005290E3 /* ContentView.swift */; };
		EBB922022C1A4FCB005290E3 /* Assets.xcassets in Resources */ = {isa = PBXBuildFile; fileRef = EBB922012C1A4FCB005290E3 /* Assets.xcassets */; };
		EBB922062C1A4FCB005290E3 /* Preview Assets.xcassets in Resources */ = {isa = PBXBuildFile; fileRef = EBB922052C1A4FCB005290E3 /* Preview Assets.xcassets */; };
		EBB922102C1A4FCB005290E3 /* MovietrendingTests.swift in Sources */ = {isa = PBXBuildFile; fileRef = EBB9220F2C1A4FCB005290E3 /* MovietrendingTests.swift */; };
		EBB9221A2C1A4FCB005290E3 /* MovietrendingUITests.swift in Sources */ = {isa = PBXBuildFile; fileRef = EBB922192C1A4FCB005290E3 /* MovietrendingUITests.swift */; };
		EBB9221C2C1A4FCB005290E3 /* MovietrendingUITestsLaunchTests.swift in Sources */ = {isa = PBXBuildFile; fileRef = EBB9221B2C1A4FCB005290E3 /* MovietrendingUITestsLaunchTests.swift */; };
/* End PBXBuildFile section */

/* Begin PBXContainerItemProxy section */
		EBB9220C2C1A4FCB005290E3 /* PBXContainerItemProxy */ = {
			isa = PBXContainerItemProxy;
			containerPortal = EBB921F22C1A4FC8005290E3 /* Project object */;
			proxyType = 1;
			remoteGlobalIDString = EBB921F92C1A4FC8005290E3;
			remoteInfo = Movietrending;
		};
		EBB922162C1A4FCB005290E3 /* PBXContainerItemProxy */ = {
			isa = PBXContainerItemProxy;
			containerPortal = EBB921F22C1A4FC8005290E3 /* Project object */;
			proxyType = 1;
			remoteGlobalIDString = EBB921F92C1A4FC8005290E3;
			remoteInfo = Movietrending;
		};
/* End PBXContainerItemProxy section */

/* Begin PBXFileReference section */
		EBB921FA2C1A4FC9005290E3 /* Movietrending.app */ = {isa = PBXFileReference; explicitFileType = wrapper.application; includeInIndex = 0; path = Movietrending.app; sourceTree = BUILT_PRODUCTS_DIR; };
		EBB921FD2C1A4FC9005290E3 /* MovietrendingApp.swift */ = {isa = PBXFileReference; lastKnownFileType = sourcecode.swift; path = MovietrendingApp.swift; sourceTree = "<group>"; };
		EBB921FF2C1A4FC9005290E3 /* ContentView.swift */ = {isa = PBXFileReference; lastKnownFileType = sourcecode.swift; path = ContentView.swift; sourceTree = "<group>"; };
		EBB922012C1A4FCB005290E3 /* Assets.xcassets */ = {isa = PBXFileReference; lastKnownFileType = folder.assetcatalog; path = Assets.xcassets; sourceTree = "<group>"; };
		EBB922032C1A4FCB005290E3 /* Movietrending.entitlements */ = {isa = PBXFileReference; lastKnownFileType = text.plist.entitlements; path = Movietrending.entitlements; sourceTree = "<group>"; };
		EBB922052C1A4FCB005290E3 /* Preview Assets.xcassets */ = {isa = PBXFileReference; lastKnownFileType = folder.assetcatalog; path = "Preview Assets.xcassets"; sourceTree = "<group>"; };
		EBB9220B2C1A4FCB005290E3 /* MovietrendingTests.xctest */ = {isa = PBXFileReference; explicitFileType = wrapper.cfbundle; includeInIndex = 0; path = MovietrendingTests.xctest; sourceTree = BUILT_PRODUCTS_DIR; };
		EBB9220F2C1A4FCB005290E3 /* MovietrendingTests.swift */ = {isa = PBXFileReference; lastKnownFileType = sourcecode.swift; path = MovietrendingTests.swift; sourceTree = "<group>"; };
		EBB922152C1A4FCB005290E3 /* MovietrendingUITests.xctest */ = {isa = PBXFileReference; explicitFileType = wrapper.cfbundle; includeInIndex = 0; path = MovietrendingUITests.xctest; sourceTree = BUILT_PRODUCTS_DIR; };
		EBB922192C1A4FCB005290E3 /* MovietrendingUITests.swift */ = {isa = PBXFileReference; lastKnownFileType = sourcecode.swift; path = MovietrendingUITests.swift; sourceTree = "<group>"; };
		EBB9221B2C1A4FCB005290E3 /* MovietrendingUITestsLaunchTests.swift */ = {isa = PBXFileReference; lastKnownFileType = sourcecode.swift; path = MovietrendingUITestsLaunchTests.swift; sourceTree = "<group>"; };
/* End PBXFileReference section */

/* Begin PBXFrameworksBuildPhase section */
		EBB921F72C1A4FC8005290E3 /* Frameworks */ = {
			isa = PBXFrameworksBuildPhase;
			buildActionMask = 2147483647;
			files = (
			);
			runOnlyForDeploymentPostprocessing = 0;
		};
		EBB922082C1A4FCB005290E3 /* Frameworks */ = {
			isa = PBXFrameworksBuildPhase;
			buildActionMask = 2147483647;
			files = (
			);
			runOnlyForDeploymentPostprocessing = 0;
		};
		EBB922122C1A4FCB005290E3 /* Frameworks */ = {
			isa = PBXFrameworksBuildPhase;
			buildActionMask = 2147483647;
			files = (
			);
			runOnlyForDeploymentPostprocessing = 0;
		};
/* End PBXFrameworksBuildPhase section */

/* Begin PBXGroup section */
		EBB921F12C1A4FC8005290E3 = {
			isa = PBXGroup;
			children = (
				EBB921FC2C1A4FC9005290E3 /* Movietrending */,
				EBB9220E2C1A4FCB005290E3 /* MovietrendingTests */,
				EBB922182C1A4FCB005290E3 /* MovietrendingUITests */,
				EBB921FB2C1A4FC9005290E3 /* Products */,
			);
			sourceTree = "<group>";
		};
		EBB921FB2C1A4FC9005290E3 /* Products */ = {
			isa = PBXGroup;
			children = (
				EBB921FA2C1A4FC9005290E3 /* Movietrending.app */,
				EBB9220B2C1A4FCB005290E3 /* MovietrendingTests.xctest */,
				EBB922152C1A4FCB005290E3 /* MovietrendingUITests.xctest */,
			);
			name = Products;
			sourceTree = "<group>";
		};
		EBB921FC2C1A4FC9005290E3 /* Movietrending */ = {
			isa = PBXGroup;
			children = (
				EBB921FD2C1A4FC9005290E3 /* MovietrendingApp.swift */,
				EBB921FF2C1A4FC9005290E3 /* ContentView.swift */,
				EBB922012C1A4FCB005290E3 /* Assets.xcassets */,
				EBB922032C1A4FCB005290E3 /* Movietrending.entitlements */,
				EBB922042C1A4FCB005290E3 /* Preview Content */,
			);
			path = Movietrending;
			sourceTree = "<group>";
		};
		EBB922042C1A4FCB005290E3 /* Preview Content */ = {
			isa = PBXGroup;
			children = (
				EBB922052C1A4FCB005290E3 /* Preview Assets.xcassets */,
			);
			path = "Preview Content";
			sourceTree = "<group>";
		};
		EBB9220E2C1A4FCB005290E3 /* MovietrendingTests */ = {
			isa = PBXGroup;
			children = (
				EBB9220F2C1A4FCB005290E3 /* MovietrendingTests.swift */,
			);
			path = MovietrendingTests;
			sourceTree = "<group>";
		};
		EBB922182C1A4FCB005290E3 /* MovietrendingUITests */ = {
			isa = PBXGroup;
			children = (
				EBB922192C1A4FCB005290E3 /* MovietrendingUITests.swift */,
				EBB9221B2C1A4FCB005290E3 /* MovietrendingUITestsLaunchTests.swift */,
			);
			path = MovietrendingUITests;
			sourceTree = "<group>";
		};
/* End PBXGroup section */

/* Begin PBXNativeTarget section */
		EBB921F92C1A4FC8005290E3 /* Movietrending */ = {
			isa = PBXNativeTarget;
			buildConfigurationList = EBB9221F2C1A4FCB005290E3 /* Build configuration list for PBXNativeTarget "Movietrending" */;
			buildPhases = (
				EBB921F62C1A4FC8005290E3 /* Sources */,
				EBB921F72C1A4FC8005290E3 /* Frameworks */,
				EBB921F82C1A4FC8005290E3 /* Resources */,
			);
			buildRules = (
			);
			dependencies = (
			);
			name = Movietrending;
			productName = Movietrending;
			productReference = EBB921FA2C1A4FC9005290E3 /* Movietrending.app */;
			productType = "com.apple.product-type.application";
		};
		EBB9220A2C1A4FCB005290E3 /* MovietrendingTests */ = {
			isa = PBXNativeTarget;
			buildConfigurationList = EBB922222C1A4FCB005290E3 /* Build configuration list for PBXNativeTarget "MovietrendingTests" */;
			buildPhases = (
				EBB922072C1A4FCB005290E3 /* Sources */,
				EBB922082C1A4FCB005290E3 /* Frameworks */,
				EBB922092C1A4FCB005290E3 /* Resources */,
			);
			buildRules = (
			);
			dependencies = (
				EBB9220D2C1A4FCB005290E3 /* PBXTargetDependency */,
			);
			name = MovietrendingTests;
			productName = MovietrendingTests;
			productReference = EBB9220B2C1A4FCB005290E3 /* MovietrendingTests.xctest */;
			productType = "com.apple.product-type.bundle.unit-test";
		};
		EBB922142C1A4FCB005290E3 /* MovietrendingUITests */ = {
			isa = PBXNativeTarget;
			buildConfigurationList = EBB922252C1A4FCB005290E3 /* Build configuration list for PBXNativeTarget "MovietrendingUITests" */;
			buildPhases = (
				EBB922112C1A4FCB005290E3 /* Sources */,
				EBB922122C1A4FCB005290E3 /* Frameworks */,
				EBB922132C1A4FCB005290E3 /* Resources */,
			);
			buildRules = (
			);
			dependencies = (
				EBB922172C1A4FCB005290E3 /* PBXTargetDependency */,
			);
			name = MovietrendingUITests;
			productName = MovietrendingUITests;
			productReference = EBB922152C1A4FCB005290E3 /* MovietrendingUITests.xctest */;
			productType = "com.apple.product-type.bundle.ui-testing";
		};
/* End PBXNativeTarget section */

/* Begin PBXProject section */
		EBB921F22C1A4FC8005290E3 /* Project object */ = {
			isa = PBXProject;
			attributes = {
				BuildIndependentTargetsInParallel = 1;
				LastSwiftUpdateCheck = 1530;
				LastUpgradeCheck = 1530;
				TargetAttributes = {
					EBB921F92C1A4FC8005290E3 = {
						CreatedOnToolsVersion = 15.3;
					};
					EBB9220A2C1A4FCB005290E3 = {
						CreatedOnToolsVersion = 15.3;
						TestTargetID = EBB921F92C1A4FC8005290E3;
					};
					EBB922142C1A4FCB005290E3 = {
						CreatedOnToolsVersion = 15.3;
						TestTargetID = EBB921F92C1A4FC8005290E3;
					};
				};
			};
			buildConfigurationList = EBB921F52C1A4FC8005290E3 /* Build configuration list for PBXProject "Movietrending" */;
			compatibilityVersion = "Xcode 14.0";
			developmentRegion = en;
			hasScannedForEncodings = 0;
			knownRegions = (
				en,
				Base,
			);
			mainGroup = EBB921F12C1A4FC8005290E3;
			productRefGroup = EBB921FB2C1A4FC9005290E3 /* Products */;
			projectDirPath = "";
			projectRoot = "";
			targets = (
				EBB921F92C1A4FC8005290E3 /* Movietrending */,
				EBB9220A2C1A4FCB005290E3 /* MovietrendingTests */,
				EBB922142C1A4FCB005290E3 /* MovietrendingUITests */,
			);
		};
/* End PBXProject section */

/* Begin PBXResourcesBuildPhase section */
		EBB921F82C1A4FC8005290E3 /* Resources */ = {
			isa = PBXResourcesBuildPhase;
			buildActionMask = 2147483647;
			files = (
				EBB922062C1A4FCB005290E3 /* Preview Assets.xcassets in Resources */,
				EBB922022C1A4FCB005290E3 /* Assets.xcassets in Resources */,
			);
			runOnlyForDeploymentPostprocessing = 0;
		};
		EBB922092C1A4FCB005290E3 /* Resources */ = {
			isa = PBXResourcesBuildPhase;
			buildActionMask = 2147483647;
			files = (
			);
			runOnlyForDeploymentPostprocessing = 0;
		};
		EBB922132C1A4FCB005290E3 /* Resources */ = {
			isa = PBXResourcesBuildPhase;
			buildActionMask = 2147483647;
			files = (
			);
			runOnlyForDeploymentPostprocessing = 0;
		};
/* End PBXResourcesBuildPhase section */

/* Begin PBXSourcesBuildPhase section */
		EBB921F62C1A4FC8005290E3 /* Sources */ = {
			isa = PBXSourcesBuildPhase;
			buildActionMask = 2147483647;
			files = (
				EBB922002C1A4FC9005290E3 /* ContentView.swift in Sources */,
				EBB921FE2C1A4FC9005290E3 /* MovietrendingApp.swift in Sources */,
			);
			runOnlyForDeploymentPostprocessing = 0;
		};
		EBB922072C1A4FCB005290E3 /* Sources */ = {
			isa = PBXSourcesBuildPhase;
			buildActionMask = 2147483647;
			files = (
				EBB922102C1A4FCB005290E3 /* MovietrendingTests.swift in Sources */,
			);
			runOnlyForDeploymentPostprocessing = 0;
		};
		EBB922112C1A4FCB005290E3 /* Sources */ = {
			isa = PBXSourcesBuildPhase;
			buildActionMask = 2147483647;
			files = (
				EBB9221C2C1A4FCB005290E3 /* MovietrendingUITestsLaunchTests.swift in Sources */,
				EBB9221A2C1A4FCB005290E3 /* MovietrendingUITests.swift in Sources */,
			);
			runOnlyForDeploymentPostprocessing = 0;
		};
/* End PBXSourcesBuildPhase section */

/* Begin PBXTargetDependency section */
		EBB9220D2C1A4FCB005290E3 /* PBXTargetDependency */ = {
			isa = PBXTargetDependency;
			target = EBB921F92C1A4FC8005290E3 /* Movietrending */;
			targetProxy = EBB9220C2C1A4FCB005290E3 /* PBXContainerItemProxy */;
		};
		EBB922172C1A4FCB005290E3 /* PBXTargetDependency */ = {
			isa = PBXTargetDependency;
			target = EBB921F92C1A4FC8005290E3 /* Movietrending */;
			targetProxy = EBB922162C1A4FCB005290E3 /* PBXContainerItemProxy */;
		};
/* End PBXTargetDependency section */

/* Begin XCBuildConfiguration section */
		EBB9221D2C1A4FCB005290E3 /* Debug */ = {
			isa = XCBuildConfiguration;
			buildSettings = {
				ALWAYS_SEARCH_USER_PATHS = NO;
				ASSETCATALOG_COMPILER_GENERATE_SWIFT_ASSET_SYMBOL_EXTENSIONS = YES;
				CLANG_ANALYZER_NONNULL = YES;
				CLANG_ANALYZER_NUMBER_OBJECT_CONVERSION = YES_AGGRESSIVE;
				CLANG_CXX_LANGUAGE_STANDARD = "gnu++20";
				CLANG_ENABLE_MODULES = YES;
				CLANG_ENABLE_OBJC_ARC = YES;
				CLANG_ENABLE_OBJC_WEAK = YES;
				CLANG_WARN_BLOCK_CAPTURE_AUTORELEASING = YES;
				CLANG_WARN_BOOL_CONVERSION = YES;
				CLANG_WARN_COMMA = YES;
				CLANG_WARN_CONSTANT_CONVERSION = YES;
				CLANG_WARN_DEPRECATED_OBJC_IMPLEMENTATIONS = YES;
				CLANG_WARN_DIRECT_OBJC_ISA_USAGE = YES_ERROR;
				CLANG_WARN_DOCUMENTATION_COMMENTS = YES;
				CLANG_WARN_EMPTY_BODY = YES;
				CLANG_WARN_ENUM_CONVERSION = YES;
				CLANG_WARN_INFINITE_RECURSION = YES;
				CLANG_WARN_INT_CONVERSION = YES;
				CLANG_WARN_NON_LITERAL_NULL_CONVERSION = YES;
				CLANG_WARN_OBJC_IMPLICIT_RETAIN_SELF = YES;
				CLANG_WARN_OBJC_LITERAL_CONVERSION = YES;
				CLANG_WARN_OBJC_ROOT_CLASS = YES_ERROR;
				CLANG_WARN_QUOTED_INCLUDE_IN_FRAMEWORK_HEADER = YES;
				CLANG_WARN_RANGE_LOOP_ANALYSIS = YES;
				CLANG_WARN_STRICT_PROTOTYPES = YES;
				CLANG_WARN_SUSPICIOUS_MOVE = YES;
				CLANG_WARN_UNGUARDED_AVAILABILITY = YES_AGGRESSIVE;
				CLANG_WARN_UNREACHABLE_CODE = YES;
				CLANG_WARN__DUPLICATE_METHOD_MATCH = YES;
				COPY_PHASE_STRIP = NO;
				DEBUG_INFORMATION_FORMAT = dwarf;
				ENABLE_STRICT_OBJC_MSGSEND = YES;
				ENABLE_TESTABILITY = YES;
				ENABLE_USER_SCRIPT_SANDBOXING = YES;
				GCC_C_LANGUAGE_STANDARD = gnu17;
				GCC_DYNAMIC_NO_PIC = NO;
				GCC_NO_COMMON_BLOCKS = YES;
				GCC_OPTIMIZATION_LEVEL = 0;
				GCC_PREPROCESSOR_DEFINITIONS = (
					"DEBUG=1",
					"$(inherited)",
				);
				GCC_WARN_64_TO_32_BIT_CONVERSION = YES;
				GCC_WARN_ABOUT_RETURN_TYPE = YES_ERROR;
				GCC_WARN_UNDECLARED_SELECTOR = YES;
				GCC_WARN_UNINITIALIZED_AUTOS = YES_AGGRESSIVE;
				GCC_WARN_UNUSED_FUNCTION = YES;
				GCC_WARN_UNUSED_VARIABLE = YES;
				LOCALIZATION_PREFERS_STRING_CATALOGS = YES;
				MTL_ENABLE_DEBUG_INFO = INCLUDE_SOURCE;
				MTL_FAST_MATH = YES;
				ONLY_ACTIVE_ARCH = YES;
				SWIFT_ACTIVE_COMPILATION_CONDITIONS = "DEBUG $(inherited)";
				SWIFT_OPTIMIZATION_LEVEL = "-Onone";
			};
			name = Debug;
		};
		EBB9221E2C1A4FCB005290E3 /* Release */ = {
			isa = XCBuildConfiguration;
			buildSettings = {
				ALWAYS_SEARCH_USER_PATHS = NO;
				ASSETCATALOG_COMPILER_GENERATE_SWIFT_ASSET_SYMBOL_EXTENSIONS = YES;
				CLANG_ANALYZER_NONNULL = YES;
				CLANG_ANALYZER_NUMBER_OBJECT_CONVERSION = YES_AGGRESSIVE;
				CLANG_CXX_LANGUAGE_STANDARD = "gnu++20";
				CLANG_ENABLE_MODULES = YES;
				CLANG_ENABLE_OBJC_ARC = YES;
				CLANG_ENABLE_OBJC_WEAK = YES;
				CLANG_WARN_BLOCK_CAPTURE_AUTORELEASING = YES;
				CLANG_WARN_BOOL_CONVERSION = YES;
				CLANG_WARN_COMMA = YES;
				CLANG_WARN_CONSTANT_CONVERSION = YES;
				CLANG_WARN_DEPRECATED_OBJC_IMPLEMENTATIONS = YES;
				CLANG_WARN_DIRECT_OBJC_ISA_USAGE = YES_ERROR;
				CLANG_WARN_DOCUMENTATION_COMMENTS = YES;
				CLANG_WARN_EMPTY_BODY = YES;
				CLANG_WARN_ENUM_CONVERSION = YES;
				CLANG_WARN_INFINITE_RECURSION = YES;
				CLANG_WARN_INT_CONVERSION = YES;
				CLANG_WARN_NON_LITERAL_NULL_CONVERSION = YES;
				CLANG_WARN_OBJC_IMPLICIT_RETAIN_SELF = YES;
				CLANG_WARN_OBJC_LITERAL_CONVERSION = YES;
				CLANG_WARN_OBJC_ROOT_CLASS = YES_ERROR;
				CLANG_WARN_QUOTED_INCLUDE_IN_FRAMEWORK_HEADER = YES;
				CLANG_WARN_RANGE_LOOP_ANALYSIS = YES;
				CLANG_WARN_STRICT_PROTOTYPES = YES;
				CLANG_WARN_SUSPICIOUS_MOVE = YES;
				CLANG_WARN_UNGUARDED_AVAILABILITY = YES_AGGRESSIVE;
				CLANG_WARN_UNREACHABLE_CODE = YES;
				CLANG_WARN__DUPLICATE_METHOD_MATCH = YES;
				COPY_PHASE_STRIP = NO;
				DEBUG_INFORMATION_FORMAT = "dwarf-with-dsym";
				ENABLE_NS_ASSERTIONS = NO;
				ENABLE_STRICT_OBJC_MSGSEND = YES;
				ENABLE_USER_SCRIPT_SANDBOXING = YES;
				GCC_C_LANGUAGE_STANDARD = gnu17;
				GCC_NO_COMMON_BLOCKS = YES;
				GCC_WARN_64_TO_32_BIT_CONVERSION = YES;
				GCC_WARN_ABOUT_RETURN_TYPE = YES_ERROR;
				GCC_WARN_UNDECLARED_SELECTOR = YES;
				GCC_WARN_UNINITIALIZED_AUTOS = YES_AGGRESSIVE;
				GCC_WARN_UNUSED_FUNCTION = YES;
				GCC_WARN_UNUSED_VARIABLE = YES;
				LOCALIZATION_PREFERS_STRING_CATALOGS = YES;
				MTL_ENABLE_DEBUG_INFO = NO;
				MTL_FAST_MATH = YES;
				SWIFT_COMPILATION_MODE = wholemodule;
			};
			name = Release;
		};
		EBB922202C1A4FCB005290E3 /* Debug */ = {
			isa = XCBuildConfiguration;
			buildSettings = {
				ASSETCATALOG_COMPILER_APPICON_NAME = AppIcon;
				ASSETCATALOG_COMPILER_GLOBAL_ACCENT_COLOR_NAME = AccentColor;
				CODE_SIGN_ENTITLEMENTS = Movietrending/Movietrending.entitlements;
				CODE_SIGN_STYLE = Automatic;
				CURRENT_PROJECT_VERSION = 1;
				DEVELOPMENT_ASSET_PATHS = "\"Movietrending/Preview Content\"";
				DEVELOPMENT_TEAM = 2Y582T75V4;
				ENABLE_HARDENED_RUNTIME = YES;
				ENABLE_PREVIEWS = YES;
				GENERATE_INFOPLIST_FILE = YES;
				"INFOPLIST_KEY_UIApplicationSceneManifest_Generation[sdk=iphoneos*]" = YES;
				"INFOPLIST_KEY_UIApplicationSceneManifest_Generation[sdk=iphonesimulator*]" = YES;
				"INFOPLIST_KEY_UIApplicationSupportsIndirectInputEvents[sdk=iphoneos*]" = YES;
				"INFOPLIST_KEY_UIApplicationSupportsIndirectInputEvents[sdk=iphonesimulator*]" = YES;
				"INFOPLIST_KEY_UILaunchScreen_Generation[sdk=iphoneos*]" = YES;
				"INFOPLIST_KEY_UILaunchScreen_Generation[sdk=iphonesimulator*]" = YES;
				"INFOPLIST_KEY_UIStatusBarStyle[sdk=iphoneos*]" = UIStatusBarStyleDefault;
				"INFOPLIST_KEY_UIStatusBarStyle[sdk=iphonesimulator*]" = UIStatusBarStyleDefault;
				INFOPLIST_KEY_UISupportedInterfaceOrientations_iPad = "UIInterfaceOrientationPortrait UIInterfaceOrientationPortraitUpsideDown UIInterfaceOrientationLandscapeLeft UIInterfaceOrientationLandscapeRight";
				INFOPLIST_KEY_UISupportedInterfaceOrientations_iPhone = "UIInterfaceOrientationPortrait UIInterfaceOrientationLandscapeLeft UIInterfaceOrientationLandscapeRight";
				IPHONEOS_DEPLOYMENT_TARGET = 17.4;
				LD_RUNPATH_SEARCH_PATHS = "@executable_path/Frameworks";
				"LD_RUNPATH_SEARCH_PATHS[sdk=macosx*]" = "@executable_path/../Frameworks";
				MACOSX_DEPLOYMENT_TARGET = 14.2;
				MARKETING_VERSION = 1.0;
				PRODUCT_BUNDLE_IDENTIFIER = pedroandrade.Movietrending;
				PRODUCT_NAME = "$(TARGET_NAME)";
				SDKROOT = auto;
				SUPPORTED_PLATFORMS = "iphoneos iphonesimulator macosx";
				SWIFT_EMIT_LOC_STRINGS = YES;
				SWIFT_VERSION = 5.0;
				TARGETED_DEVICE_FAMILY = "1,2";
			};
			name = Debug;
		};
		EBB922212C1A4FCB005290E3 /* Release */ = {
			isa = XCBuildConfiguration;
			buildSettings = {
				ASSETCATALOG_COMPILER_APPICON_NAME = AppIcon;
				ASSETCATALOG_COMPILER_GLOBAL_ACCENT_COLOR_NAME = AccentColor;
				CODE_SIGN_ENTITLEMENTS = Movietrending/Movietrending.entitlements;
				CODE_SIGN_STYLE = Automatic;
				CURRENT_PROJECT_VERSION = 1;
				DEVELOPMENT_ASSET_PATHS = "\"Movietrending/Preview Content\"";
				DEVELOPMENT_TEAM = 2Y582T75V4;
				ENABLE_HARDENED_RUNTIME = YES;
				ENABLE_PREVIEWS = YES;
				GENERATE_INFOPLIST_FILE = YES;
				"INFOPLIST_KEY_UIApplicationSceneManifest_Generation[sdk=iphoneos*]" = YES;
				"INFOPLIST_KEY_UIApplicationSceneManifest_Generation[sdk=iphonesimulator*]" = YES;
				"INFOPLIST_KEY_UIApplicationSupportsIndirectInputEvents[sdk=iphoneos*]" = YES;
				"INFOPLIST_KEY_UIApplicationSupportsIndirectInputEvents[sdk=iphonesimulator*]" = YES;
				"INFOPLIST_KEY_UILaunchScreen_Generation[sdk=iphoneos*]" = YES;
				"INFOPLIST_KEY_UILaunchScreen_Generation[sdk=iphonesimulator*]" = YES;
				"INFOPLIST_KEY_UIStatusBarStyle[sdk=iphoneos*]" = UIStatusBarStyleDefault;
				"INFOPLIST_KEY_UIStatusBarStyle[sdk=iphonesimulator*]" = UIStatusBarStyleDefault;
				INFOPLIST_KEY_UISupportedInterfaceOrientations_iPad = "UIInterfaceOrientationPortrait UIInterfaceOrientationPortraitUpsideDown UIInterfaceOrientationLandscapeLeft UIInterfaceOrientationLandscapeRight";
				INFOPLIST_KEY_UISupportedInterfaceOrientations_iPhone = "UIInterfaceOrientationPortrait UIInterfaceOrientationLandscapeLeft UIInterfaceOrientationLandscapeRight";
				IPHONEOS_DEPLOYMENT_TARGET = 17.4;
				LD_RUNPATH_SEARCH_PATHS = "@executable_path/Frameworks";
				"LD_RUNPATH_SEARCH_PATHS[sdk=macosx*]" = "@executable_path/../Frameworks";
				MACOSX_DEPLOYMENT_TARGET = 14.2;
				MARKETING_VERSION = 1.0;
				PRODUCT_BUNDLE_IDENTIFIER = pedroandrade.Movietrending;
				PRODUCT_NAME = "$(TARGET_NAME)";
				SDKROOT = auto;
				SUPPORTED_PLATFORMS = "iphoneos iphonesimulator macosx";
				SWIFT_EMIT_LOC_STRINGS = YES;
				SWIFT_VERSION = 5.0;
				TARGETED_DEVICE_FAMILY = "1,2";
			};
			name = Release;
		};
		EBB922232C1A4FCB005290E3 /* Debug */ = {
			isa = XCBuildConfiguration;
			buildSettings = {
				ALWAYS_EMBED_SWIFT_STANDARD_LIBRARIES = YES;
				BUNDLE_LOADER = "$(TEST_HOST)";
				CODE_SIGN_STYLE = Automatic;
				CURRENT_PROJECT_VERSION = 1;
				DEVELOPMENT_TEAM = 2Y582T75V4;
				GENERATE_INFOPLIST_FILE = YES;
				IPHONEOS_DEPLOYMENT_TARGET = 17.4;
				MACOSX_DEPLOYMENT_TARGET = 14.2;
				MARKETING_VERSION = 1.0;
				PRODUCT_BUNDLE_IDENTIFIER = pedroandrade.MovietrendingTests;
				PRODUCT_NAME = "$(TARGET_NAME)";
				SDKROOT = auto;
				SUPPORTED_PLATFORMS = "iphoneos iphonesimulator macosx";
				SWIFT_EMIT_LOC_STRINGS = NO;
				SWIFT_VERSION = 5.0;
				TARGETED_DEVICE_FAMILY = "1,2";
				TEST_HOST = "$(BUILT_PRODUCTS_DIR)/Movietrending.app/$(BUNDLE_EXECUTABLE_FOLDER_PATH)/Movietrending";
			};
			name = Debug;
		};
		EBB922242C1A4FCB005290E3 /* Release */ = {
			isa = XCBuildConfiguration;
			buildSettings = {
				ALWAYS_EMBED_SWIFT_STANDARD_LIBRARIES = YES;
				BUNDLE_LOADER = "$(TEST_HOST)";
				CODE_SIGN_STYLE = Automatic;
				CURRENT_PROJECT_VERSION = 1;
				DEVELOPMENT_TEAM = 2Y582T75V4;
				GENERATE_INFOPLIST_FILE = YES;
				IPHONEOS_DEPLOYMENT_TARGET = 17.4;
				MACOSX_DEPLOYMENT_TARGET = 14.2;
				MARKETING_VERSION = 1.0;
				PRODUCT_BUNDLE_IDENTIFIER = pedroandrade.MovietrendingTests;
				PRODUCT_NAME = "$(TARGET_NAME)";
				SDKROOT = auto;
				SUPPORTED_PLATFORMS = "iphoneos iphonesimulator macosx";
				SWIFT_EMIT_LOC_STRINGS = NO;
				SWIFT_VERSION = 5.0;
				TARGETED_DEVICE_FAMILY = "1,2";
				TEST_HOST = "$(BUILT_PRODUCTS_DIR)/Movietrending.app/$(BUNDLE_EXECUTABLE_FOLDER_PATH)/Movietrending";
			};
			name = Release;
		};
		EBB922262C1A4FCB005290E3 /* Debug */ = {
			isa = XCBuildConfiguration;
			buildSettings = {
				ALWAYS_EMBED_SWIFT_STANDARD_LIBRARIES = YES;
				CODE_SIGN_STYLE = Automatic;
				CURRENT_PROJECT_VERSION = 1;
				DEVELOPMENT_TEAM = 2Y582T75V4;
				GENERATE_INFOPLIST_FILE = YES;
				IPHONEOS_DEPLOYMENT_TARGET = 17.4;
				MACOSX_DEPLOYMENT_TARGET = 14.2;
				MARKETING_VERSION = 1.0;
				PRODUCT_BUNDLE_IDENTIFIER = pedroandrade.MovietrendingUITests;
				PRODUCT_NAME = "$(TARGET_NAME)";
				SDKROOT = auto;
				SUPPORTED_PLATFORMS = "iphoneos iphonesimulator macosx";
				SWIFT_EMIT_LOC_STRINGS = NO;
				SWIFT_VERSION = 5.0;
				TARGETED_DEVICE_FAMILY = "1,2";
				TEST_TARGET_NAME = Movietrending;
			};
			name = Debug;
		};
		EBB922272C1A4FCB005290E3 /* Release */ = {
			isa = XCBuildConfiguration;
			buildSettings = {
				ALWAYS_EMBED_SWIFT_STANDARD_LIBRARIES = YES;
				CODE_SIGN_STYLE = Automatic;
				CURRENT_PROJECT_VERSION = 1;
				DEVELOPMENT_TEAM = 2Y582T75V4;
				GENERATE_INFOPLIST_FILE = YES;
				IPHONEOS_DEPLOYMENT_TARGET = 17.4;
				MACOSX_DEPLOYMENT_TARGET = 14.2;
				MARKETING_VERSION = 1.0;
				PRODUCT_BUNDLE_IDENTIFIER = pedroandrade.MovietrendingUITests;
				PRODUCT_NAME = "$(TARGET_NAME)";
				SDKROOT = auto;
				SUPPORTED_PLATFORMS = "iphoneos iphonesimulator macosx";
				SWIFT_EMIT_LOC_STRINGS = NO;
				SWIFT_VERSION = 5.0;
				TARGETED_DEVICE_FAMILY = "1,2";
				TEST_TARGET_NAME = Movietrending;
			};
			name = Release;
		};
/* End XCBuildConfiguration section */

/* Begin XCConfigurationList section */
		EBB921F52C1A4FC8005290E3 /* Build configuration list for PBXProject "Movietrending" */ = {
			isa = XCConfigurationList;
			buildConfigurations = (
				EBB9221D2C1A4FCB005290E3 /* Debug */,
				EBB9221E2C1A4FCB005290E3 /* Release */,
			);
			defaultConfigurationIsVisible = 0;
			defaultConfigurationName = Release;
		};
		EBB9221F2C1A4FCB005290E3 /* Build configuration list for PBXNativeTarget "Movietrending" */ = {
			isa = XCConfigurationList;
			buildConfigurations = (
				EBB922202C1A4FCB005290E3 /* Debug */,
				EBB922212C1A4FCB005290E3 /* Release */,
			);
			defaultConfigurationIsVisible = 0;
			defaultConfigurationName = Release;
		};
		EBB922222C1A4FCB005290E3 /* Build configuration list for PBXNativeTarget "MovietrendingTests" */ = {
			isa = XCConfigurationList;
			buildConfigurations = (
				EBB922232C1A4FCB005290E3 /* Debug */,
				EBB922242C1A4FCB005290E3 /* Release */,
			);
			defaultConfigurationIsVisible = 0;
			defaultConfigurationName = Release;
		};
		EBB922252C1A4FCB005290E3 /* Build configuration list for PBXNativeTarget "MovietrendingUITests" */ = {
			isa = XCConfigurationList;
			buildConfigurations = (
				EBB922262C1A4FCB005290E3 /* Debug */,
				EBB922272C1A4FCB005290E3 /* Release */,
			);
			defaultConfigurationIsVisible = 0;
			defaultConfigurationName = Release;
		};
/* End XCConfigurationList section */
	};
	rootObject = EBB921F22C1A4FC8005290E3 /* Project object */;
}
